// !$*UTF8*$!
{
	archiveVersion = 1;
	classes = {
	};
	objectVersion = 46;
	objects = {

/* Begin PBXBuildFile section */
		0506B97C17F0849C0011CCC2 /* AutoDMG.iconset in Resources */ = {isa = PBXBuildFile; fileRef = 0506B97B17F0849C0011CCC2 /* AutoDMG.iconset */; };
		051B177117F446560026E12B /* progresswatcher.py in Resources */ = {isa = PBXBuildFile; fileRef = 051B177017F446560026E12B /* progresswatcher.py */; };
		05429D761816715300CD61E6 /* Package blue arrow.png in Resources */ = {isa = PBXBuildFile; fileRef = 05429D721816715300CD61E6 /* Package blue arrow.png */; };
		05429D771816715300CD61E6 /* Package blue arrow@2x.png in Resources */ = {isa = PBXBuildFile; fileRef = 05429D731816715300CD61E6 /* Package blue arrow@2x.png */; };
		05429D781816715300CD61E6 /* Package.png in Resources */ = {isa = PBXBuildFile; fileRef = 05429D741816715300CD61E6 /* Package.png */; };
		05429D791816715300CD61E6 /* Package@2x.png in Resources */ = {isa = PBXBuildFile; fileRef = 05429D751816715300CD61E6 /* Package@2x.png */; };
		05429D7B1816BE9900CD61E6 /* IEDUpdateController.py in Resources */ = {isa = PBXBuildFile; fileRef = 05429D7A1816BE9900CD61E6 /* IEDUpdateController.py */; };
		05429D7D1816BED500CD61E6 /* IEDAddPkgController.py in Resources */ = {isa = PBXBuildFile; fileRef = 05429D7C1816BED500CD61E6 /* IEDAddPkgController.py */; };
		055DBD291822AAA10008DA0E /* IEDUtil.py in Resources */ = {isa = PBXBuildFile; fileRef = 055DBD281822AAA10008DA0E /* IEDUtil.py */; };
		05C36AD318F406EF002AF318 /* AutoDMG Template.iconset in Resources */ = {isa = PBXBuildFile; fileRef = 05C36AD218F406EF002AF318 /* AutoDMG Template.iconset */; };
		05FD2081181A5BCE00302827 /* IEDLog.py in Resources */ = {isa = PBXBuildFile; fileRef = 05FD2080181A5BCE00302827 /* IEDLog.py */; };
		6612F06018164BC500655C8B /* IEDUpdateCache.py in Resources */ = {isa = PBXBuildFile; fileRef = 6612F05F18164BC500655C8B /* IEDUpdateCache.py */; };
		66158EBE1821480200E43508 /* Exclamation.png in Resources */ = {isa = PBXBuildFile; fileRef = 66158EBC1821480200E43508 /* Exclamation.png */; };
		66158EBF1821480200E43508 /* Exclamation@2x.png in Resources */ = {isa = PBXBuildFile; fileRef = 66158EBD1821480200E43508 /* Exclamation@2x.png */; };
		66158EC3182149CC00E43508 /* Checkmark.png in Resources */ = {isa = PBXBuildFile; fileRef = 66158EC1182149CC00E43508 /* Checkmark.png */; };
		66158EC4182149CC00E43508 /* Checkmark@2x.png in Resources */ = {isa = PBXBuildFile; fileRef = 66158EC2182149CC00E43508 /* Checkmark@2x.png */; };
		662FF9CE1DF1F39600E8B561 /* Installer Placeholder 10.9.png in Resources */ = {isa = PBXBuildFile; fileRef = 662FF9CA1DF1F39600E8B561 /* Installer Placeholder 10.9.png */; };
		662FF9CF1DF1F39600E8B561 /* Installer Placeholder 10.10.png in Resources */ = {isa = PBXBuildFile; fileRef = 662FF9CB1DF1F39600E8B561 /* Installer Placeholder 10.10.png */; };
		662FF9D01DF1F39600E8B561 /* Installer Placeholder 10.11.png in Resources */ = {isa = PBXBuildFile; fileRef = 662FF9CC1DF1F39600E8B561 /* Installer Placeholder 10.11.png */; };
		662FF9D11DF1F39600E8B561 /* Installer Placeholder 10.12.png in Resources */ = {isa = PBXBuildFile; fileRef = 662FF9CD1DF1F39600E8B561 /* Installer Placeholder 10.12.png */; };
		66320B411819C208006D3DA7 /* IEDWorkflow.py in Resources */ = {isa = PBXBuildFile; fileRef = 66320B401819C208006D3DA7 /* IEDWorkflow.py */; };
		66359B521C19AABD005A94CE /* ExceptionHandling.framework in Frameworks */ = {isa = PBXBuildFile; fileRef = 66359B511C19AABD005A94CE /* ExceptionHandling.framework */; };
		664F6B0118BDD1C90071E951 /* IEDTemplate.py in Resources */ = {isa = PBXBuildFile; fileRef = 664F6B0018BDD1C90071E951 /* IEDTemplate.py */; };
		66529E791DF734A50039CCC1 /* IEDPanelPathManager.py in Resources */ = {isa = PBXBuildFile; fileRef = 66529E781DF734A50039CCC1 /* IEDPanelPathManager.py */; };
		6654DBF1181E55A0001861BA /* IEDLogLine.py in Resources */ = {isa = PBXBuildFile; fileRef = 6654DBF0181E55A0001861BA /* IEDLogLine.py */; };
		665E928518159C1A00A8F683 /* IEDProfileController.py in Resources */ = {isa = PBXBuildFile; fileRef = 665E928418159C1A00A8F683 /* IEDProfileController.py */; };
		665E92871815B07A00A8F683 /* UpdateProfiles.plist in Resources */ = {isa = PBXBuildFile; fileRef = 665E92861815B07A00A8F683 /* UpdateProfiles.plist */; };
		667F176B181BB6570076EF63 /* IEDPackage.py in Resources */ = {isa = PBXBuildFile; fileRef = 667F176A181BB6570076EF63 /* IEDPackage.py */; };
		669051BF1D9D64730024A561 /* STPrivilegedTask.m in Sources */ = {isa = PBXBuildFile; fileRef = 669051BE1D9D64730024A561 /* STPrivilegedTask.m */; };
		669ADA3D18126E1D002CE331 /* IEDDMGHelper.py in Resources */ = {isa = PBXBuildFile; fileRef = 669ADA3C18126E1D002CE331 /* IEDDMGHelper.py */; };
		669DBBF718069EEC001F909B /* IEDSocketListener.py in Resources */ = {isa = PBXBuildFile; fileRef = 669DBBF618069EEC001F909B /* IEDSocketListener.py */; };
		66B29338182137310076C397 /* Download.png in Resources */ = {isa = PBXBuildFile; fileRef = 66B29336182137310076C397 /* Download.png */; };
		66B29339182137310076C397 /* Download@2x.png in Resources */ = {isa = PBXBuildFile; fileRef = 66B29337182137310076C397 /* Download@2x.png */; };
		66CBF810182316FC0002E18F /* IEDAppVersionController.py in Resources */ = {isa = PBXBuildFile; fileRef = 66CBF80F182316FC0002E18F /* IEDAppVersionController.py */; };
		66D24F2618171E680042F227 /* Defaults.plist in Resources */ = {isa = PBXBuildFile; fileRef = 66D24F2518171E680042F227 /* Defaults.plist */; };
		66E91A9B18B4206C006ABAB7 /* IEDCLIController.py in Resources */ = {isa = PBXBuildFile; fileRef = 66E91A9A18B4206C006ABAB7 /* IEDCLIController.py */; };
		66EA72CD17EB1586009B8350 /* Cocoa.framework in Frameworks */ = {isa = PBXBuildFile; fileRef = 66EA72CC17EB1586009B8350 /* Cocoa.framework */; };
		66EA72CF17EB1586009B8350 /* Python.framework in Frameworks */ = {isa = PBXBuildFile; fileRef = 66EA72CE17EB1586009B8350 /* Python.framework */; };
		66EA72D917EB1586009B8350 /* InfoPlist.strings in Resources */ = {isa = PBXBuildFile; fileRef = 66EA72D717EB1586009B8350 /* InfoPlist.strings */; };
		66EA72DB17EB1586009B8350 /* main.m in Sources */ = {isa = PBXBuildFile; fileRef = 66EA72DA17EB1586009B8350 /* main.m */; };
		66EA72DF17EB1587009B8350 /* Credits.rtf in Resources */ = {isa = PBXBuildFile; fileRef = 66EA72DD17EB1587009B8350 /* Credits.rtf */; };
		66EA72E117EB1587009B8350 /* main.py in Resources */ = {isa = PBXBuildFile; fileRef = 66EA72E017EB1587009B8350 /* main.py */; };
		66EA72E317EB1587009B8350 /* IEDAppDelegate.py in Resources */ = {isa = PBXBuildFile; fileRef = 66EA72E217EB1587009B8350 /* IEDAppDelegate.py */; };
		66EA72E617EB1587009B8350 /* MainMenu.xib in Resources */ = {isa = PBXBuildFile; fileRef = 66EA72E417EB1587009B8350 /* MainMenu.xib */; };
		66EA72ED17EB1E09009B8350 /* Installer Placeholder.png in Resources */ = {isa = PBXBuildFile; fileRef = 66EA72EC17EB1E09009B8350 /* Installer Placeholder.png */; };
		66EA72EF17EB25B3009B8350 /* DMG Placeholder.png in Resources */ = {isa = PBXBuildFile; fileRef = 66EA72EE17EB25B3009B8350 /* DMG Placeholder.png */; };
		66EA72F117EB2ECB009B8350 /* IEDController.py in Resources */ = {isa = PBXBuildFile; fileRef = 66EA72F017EB2ECB009B8350 /* IEDController.py */; };
		66EA72F317EB3B40009B8350 /* IEDSourceSelector.py in Resources */ = {isa = PBXBuildFile; fileRef = 66EA72F217EB3B40009B8350 /* IEDSourceSelector.py */; };
		66EA72F517EC764B009B8350 /* installesdtodmg.sh in Resources */ = {isa = PBXBuildFile; fileRef = 66EA72F417EC764B009B8350 /* installesdtodmg.sh */; };
/* End PBXBuildFile section */

/* Begin PBXFileReference section */
		0506B97B17F0849C0011CCC2 /* AutoDMG.iconset */ = {isa = PBXFileReference; lastKnownFileType = folder.iconset; path = AutoDMG.iconset; sourceTree = "<group>"; };
		051B177017F446560026E12B /* progresswatcher.py */ = {isa = PBXFileReference; fileEncoding = 4; lastKnownFileType = text.script.python; path = progresswatcher.py; sourceTree = "<group>"; };
		05429D721816715300CD61E6 /* Package blue arrow.png */ = {isa = PBXFileReference; lastKnownFileType = image.png; path = "Package blue arrow.png"; sourceTree = "<group>"; };
		05429D731816715300CD61E6 /* Package blue arrow@2x.png */ = {isa = PBXFileReference; lastKnownFileType = image.png; path = "Package blue arrow@2x.png"; sourceTree = "<group>"; };
		05429D741816715300CD61E6 /* Package.png */ = {isa = PBXFileReference; lastKnownFileType = image.png; path = Package.png; sourceTree = "<group>"; };
		05429D751816715300CD61E6 /* Package@2x.png */ = {isa = PBXFileReference; lastKnownFileType = image.png; path = "Package@2x.png"; sourceTree = "<group>"; };
		05429D7A1816BE9900CD61E6 /* IEDUpdateController.py */ = {isa = PBXFileReference; fileEncoding = 4; lastKnownFileType = text.script.python; path = IEDUpdateController.py; sourceTree = "<group>"; };
		05429D7C1816BED500CD61E6 /* IEDAddPkgController.py */ = {isa = PBXFileReference; fileEncoding = 4; lastKnownFileType = text.script.python; path = IEDAddPkgController.py; sourceTree = "<group>"; };
		055DBD281822AAA10008DA0E /* IEDUtil.py */ = {isa = PBXFileReference; fileEncoding = 4; lastKnownFileType = text.script.python; path = IEDUtil.py; sourceTree = "<group>"; };
		05C36AD218F406EF002AF318 /* AutoDMG Template.iconset */ = {isa = PBXFileReference; lastKnownFileType = folder.iconset; path = "AutoDMG Template.iconset"; sourceTree = "<group>"; };
		05FD2080181A5BCE00302827 /* IEDLog.py */ = {isa = PBXFileReference; fileEncoding = 4; lastKnownFileType = text.script.python; path = IEDLog.py; sourceTree = "<group>"; };
		6612F05F18164BC500655C8B /* IEDUpdateCache.py */ = {isa = PBXFileReference; fileEncoding = 4; lastKnownFileType = text.script.python; path = IEDUpdateCache.py; sourceTree = "<group>"; };
		66158EBC1821480200E43508 /* Exclamation.png */ = {isa = PBXFileReference; lastKnownFileType = image.png; path = Exclamation.png; sourceTree = "<group>"; };
		66158EBD1821480200E43508 /* Exclamation@2x.png */ = {isa = PBXFileReference; lastKnownFileType = image.png; path = "Exclamation@2x.png"; sourceTree = "<group>"; };
		66158EC1182149CC00E43508 /* Checkmark.png */ = {isa = PBXFileReference; lastKnownFileType = image.png; path = Checkmark.png; sourceTree = "<group>"; };
		66158EC2182149CC00E43508 /* Checkmark@2x.png */ = {isa = PBXFileReference; lastKnownFileType = image.png; path = "Checkmark@2x.png"; sourceTree = "<group>"; };
		662FF9CA1DF1F39600E8B561 /* Installer Placeholder 10.9.png */ = {isa = PBXFileReference; lastKnownFileType = image.png; path = "Installer Placeholder 10.9.png"; sourceTree = "<group>"; };
		662FF9CB1DF1F39600E8B561 /* Installer Placeholder 10.10.png */ = {isa = PBXFileReference; lastKnownFileType = image.png; path = "Installer Placeholder 10.10.png"; sourceTree = "<group>"; };
		662FF9CC1DF1F39600E8B561 /* Installer Placeholder 10.11.png */ = {isa = PBXFileReference; lastKnownFileType = image.png; path = "Installer Placeholder 10.11.png"; sourceTree = "<group>"; };
		662FF9CD1DF1F39600E8B561 /* Installer Placeholder 10.12.png */ = {isa = PBXFileReference; lastKnownFileType = image.png; path = "Installer Placeholder 10.12.png"; sourceTree = "<group>"; };
		66320B401819C208006D3DA7 /* IEDWorkflow.py */ = {isa = PBXFileReference; fileEncoding = 4; lastKnownFileType = text.script.python; path = IEDWorkflow.py; sourceTree = "<group>"; };
		66359B511C19AABD005A94CE /* ExceptionHandling.framework */ = {isa = PBXFileReference; lastKnownFileType = wrapper.framework; name = ExceptionHandling.framework; path = System/Library/Frameworks/ExceptionHandling.framework; sourceTree = SDKROOT; };
		664F6B0018BDD1C90071E951 /* IEDTemplate.py */ = {isa = PBXFileReference; fileEncoding = 4; lastKnownFileType = text.script.python; path = IEDTemplate.py; sourceTree = "<group>"; };
		66529E781DF734A50039CCC1 /* IEDPanelPathManager.py */ = {isa = PBXFileReference; fileEncoding = 4; lastKnownFileType = text.script.python; path = IEDPanelPathManager.py; sourceTree = "<group>"; };
		6654DBF0181E55A0001861BA /* IEDLogLine.py */ = {isa = PBXFileReference; fileEncoding = 4; lastKnownFileType = text.script.python; path = IEDLogLine.py; sourceTree = "<group>"; };
		665E928418159C1A00A8F683 /* IEDProfileController.py */ = {isa = PBXFileReference; fileEncoding = 4; lastKnownFileType = text.script.python; path = IEDProfileController.py; sourceTree = "<group>"; };
		665E92861815B07A00A8F683 /* UpdateProfiles.plist */ = {isa = PBXFileReference; fileEncoding = 4; lastKnownFileType = text.plist.xml; path = UpdateProfiles.plist; sourceTree = "<group>"; };
		667F176A181BB6570076EF63 /* IEDPackage.py */ = {isa = PBXFileReference; fileEncoding = 4; lastKnownFileType = text.script.python; path = IEDPackage.py; sourceTree = "<group>"; };
		669051BD1D9D64730024A561 /* STPrivilegedTask.h */ = {isa = PBXFileReference; fileEncoding = 4; lastKnownFileType = sourcecode.c.h; path = STPrivilegedTask.h; sourceTree = "<group>"; };
		669051BE1D9D64730024A561 /* STPrivilegedTask.m */ = {isa = PBXFileReference; fileEncoding = 4; lastKnownFileType = sourcecode.c.objc; path = STPrivilegedTask.m; sourceTree = "<group>"; };
		669ADA3C18126E1D002CE331 /* IEDDMGHelper.py */ = {isa = PBXFileReference; fileEncoding = 4; lastKnownFileType = text.script.python; path = IEDDMGHelper.py; sourceTree = "<group>"; };
		669DBBF618069EEC001F909B /* IEDSocketListener.py */ = {isa = PBXFileReference; fileEncoding = 4; lastKnownFileType = text.script.python; path = IEDSocketListener.py; sourceTree = "<group>"; };
		66B29336182137310076C397 /* Download.png */ = {isa = PBXFileReference; lastKnownFileType = image.png; path = Download.png; sourceTree = "<group>"; };
		66B29337182137310076C397 /* Download@2x.png */ = {isa = PBXFileReference; lastKnownFileType = image.png; path = "Download@2x.png"; sourceTree = "<group>"; };
		66CBF80F182316FC0002E18F /* IEDAppVersionController.py */ = {isa = PBXFileReference; fileEncoding = 4; lastKnownFileType = text.script.python; path = IEDAppVersionController.py; sourceTree = "<group>"; };
		66D24F2518171E680042F227 /* Defaults.plist */ = {isa = PBXFileReference; fileEncoding = 4; lastKnownFileType = text.plist.xml; path = Defaults.plist; sourceTree = "<group>"; };
		66E91A9A18B4206C006ABAB7 /* IEDCLIController.py */ = {isa = PBXFileReference; fileEncoding = 4; lastKnownFileType = text.script.python; path = IEDCLIController.py; sourceTree = "<group>"; };
		66EA72C917EB1586009B8350 /* AutoDMG.app */ = {isa = PBXFileReference; explicitFileType = wrapper.application; includeInIndex = 0; path = AutoDMG.app; sourceTree = BUILT_PRODUCTS_DIR; };
		66EA72CC17EB1586009B8350 /* Cocoa.framework */ = {isa = PBXFileReference; lastKnownFileType = wrapper.framework; name = Cocoa.framework; path = System/Library/Frameworks/Cocoa.framework; sourceTree = SDKROOT; };
		66EA72CE17EB1586009B8350 /* Python.framework */ = {isa = PBXFileReference; lastKnownFileType = wrapper.framework; name = Python.framework; path = System/Library/Frameworks/Python.framework; sourceTree = SDKROOT; };
		66EA72D117EB1586009B8350 /* AppKit.framework */ = {isa = PBXFileReference; lastKnownFileType = wrapper.framework; name = AppKit.framework; path = System/Library/Frameworks/AppKit.framework; sourceTree = SDKROOT; };
		66EA72D217EB1586009B8350 /* CoreData.framework */ = {isa = PBXFileReference; lastKnownFileType = wrapper.framework; name = CoreData.framework; path = System/Library/Frameworks/CoreData.framework; sourceTree = SDKROOT; };
		66EA72D317EB1586009B8350 /* Foundation.framework */ = {isa = PBXFileReference; lastKnownFileType = wrapper.framework; name = Foundation.framework; path = System/Library/Frameworks/Foundation.framework; sourceTree = SDKROOT; };
		66EA72D617EB1586009B8350 /* AutoDMG-Info.plist */ = {isa = PBXFileReference; lastKnownFileType = text.plist.xml; path = "AutoDMG-Info.plist"; sourceTree = "<group>"; };
		66EA72D817EB1586009B8350 /* en */ = {isa = PBXFileReference; lastKnownFileType = text.plist.strings; name = en; path = en.lproj/InfoPlist.strings; sourceTree = "<group>"; };
		66EA72DA17EB1586009B8350 /* main.m */ = {isa = PBXFileReference; lastKnownFileType = sourcecode.c.objc; path = main.m; sourceTree = "<group>"; };
		66EA72DC17EB1587009B8350 /* AutoDMG-Prefix.pch */ = {isa = PBXFileReference; lastKnownFileType = sourcecode.c.h; path = "AutoDMG-Prefix.pch"; sourceTree = "<group>"; };
		66EA72DE17EB1587009B8350 /* en */ = {isa = PBXFileReference; lastKnownFileType = text.rtf; name = en; path = en.lproj/Credits.rtf; sourceTree = "<group>"; };
		66EA72E017EB1587009B8350 /* main.py */ = {isa = PBXFileReference; lastKnownFileType = text.script.python; path = main.py; sourceTree = "<group>"; };
		66EA72E217EB1587009B8350 /* IEDAppDelegate.py */ = {isa = PBXFileReference; lastKnownFileType = text.script.python; path = IEDAppDelegate.py; sourceTree = "<group>"; };
		66EA72E517EB1587009B8350 /* en */ = {isa = PBXFileReference; lastKnownFileType = file.xib; name = en; path = en.lproj/MainMenu.xib; sourceTree = "<group>"; };
		66EA72EC17EB1E09009B8350 /* Installer Placeholder.png */ = {isa = PBXFileReference; lastKnownFileType = image.png; path = "Installer Placeholder.png"; sourceTree = "<group>"; };
		66EA72EE17EB25B3009B8350 /* DMG Placeholder.png */ = {isa = PBXFileReference; lastKnownFileType = image.png; path = "DMG Placeholder.png"; sourceTree = "<group>"; };
		66EA72F017EB2ECB009B8350 /* IEDController.py */ = {isa = PBXFileReference; fileEncoding = 4; lastKnownFileType = text.script.python; path = IEDController.py; sourceTree = "<group>"; };
		66EA72F217EB3B40009B8350 /* IEDSourceSelector.py */ = {isa = PBXFileReference; fileEncoding = 4; lastKnownFileType = text.script.python; path = IEDSourceSelector.py; sourceTree = "<group>"; };
		66EA72F417EC764B009B8350 /* installesdtodmg.sh */ = {isa = PBXFileReference; fileEncoding = 4; lastKnownFileType = text.script.sh; path = installesdtodmg.sh; sourceTree = "<group>"; };
/* End PBXFileReference section */

/* Begin PBXFrameworksBuildPhase section */
		66EA72C617EB1585009B8350 /* Frameworks */ = {
			isa = PBXFrameworksBuildPhase;
			buildActionMask = 2147483647;
			files = (
				66359B521C19AABD005A94CE /* ExceptionHandling.framework in Frameworks */,
				66EA72CF17EB1586009B8350 /* Python.framework in Frameworks */,
				66EA72CD17EB1586009B8350 /* Cocoa.framework in Frameworks */,
			);
			runOnlyForDeploymentPostprocessing = 0;
		};
/* End PBXFrameworksBuildPhase section */

/* Begin PBXGroup section */
		66158EC01821480F00E43508 /* Icons */ = {
			isa = PBXGroup;
			children = (
				66158EC1182149CC00E43508 /* Checkmark.png */,
				66158EC2182149CC00E43508 /* Checkmark@2x.png */,
				66B29336182137310076C397 /* Download.png */,
				66B29337182137310076C397 /* Download@2x.png */,
				66158EBC1821480200E43508 /* Exclamation.png */,
				66158EBD1821480200E43508 /* Exclamation@2x.png */,
				05429D721816715300CD61E6 /* Package blue arrow.png */,
				05429D731816715300CD61E6 /* Package blue arrow@2x.png */,
				05429D741816715300CD61E6 /* Package.png */,
				05429D751816715300CD61E6 /* Package@2x.png */,
			);
			name = Icons;
			sourceTree = "<group>";
		};
		669051C01D9D64790024A561 /* STPrivilegedTask */ = {
			isa = PBXGroup;
			children = (
				669051BD1D9D64730024A561 /* STPrivilegedTask.h */,
				669051BE1D9D64730024A561 /* STPrivilegedTask.m */,
			);
			name = STPrivilegedTask;
			sourceTree = "<group>";
		};
		66D24F21181711B40042F227 /* Graphics */ = {
			isa = PBXGroup;
			children = (
				66158EC01821480F00E43508 /* Icons */,
				66EA72EE17EB25B3009B8350 /* DMG Placeholder.png */,
				662FF9CA1DF1F39600E8B561 /* Installer Placeholder 10.9.png */,
				662FF9CB1DF1F39600E8B561 /* Installer Placeholder 10.10.png */,
				662FF9CC1DF1F39600E8B561 /* Installer Placeholder 10.11.png */,
				662FF9CD1DF1F39600E8B561 /* Installer Placeholder 10.12.png */,
				66EA72EC17EB1E09009B8350 /* Installer Placeholder.png */,
			);
			name = Graphics;
			sourceTree = "<group>";
		};
		66D24F22181711D00042F227 /* Scripts */ = {
			isa = PBXGroup;
			children = (
				051B177017F446560026E12B /* progresswatcher.py */,
				66EA72F417EC764B009B8350 /* installesdtodmg.sh */,
			);
			name = Scripts;
			sourceTree = "<group>";
		};
		66D24F23181712320042F227 /* Resources */ = {
			isa = PBXGroup;
			children = (
				0506B97B17F0849C0011CCC2 /* AutoDMG.iconset */,
				05C36AD218F406EF002AF318 /* AutoDMG Template.iconset */,
				66EA72D617EB1586009B8350 /* AutoDMG-Info.plist */,
				66EA72DD17EB1587009B8350 /* Credits.rtf */,
				66D24F2518171E680042F227 /* Defaults.plist */,
				66EA72D717EB1586009B8350 /* InfoPlist.strings */,
			);
			name = Resources;
			sourceTree = "<group>";
		};
		66D24F24181712D20042F227 /* ObjC */ = {
			isa = PBXGroup;
			children = (
				66EA72DA17EB1586009B8350 /* main.m */,
				66EA72DC17EB1587009B8350 /* AutoDMG-Prefix.pch */,
			);
			name = ObjC;
			sourceTree = "<group>";
		};
		66EA72C017EB1585009B8350 = {
			isa = PBXGroup;
			children = (
				66EA72D417EB1586009B8350 /* AutoDMG */,
				66EA72CB17EB1586009B8350 /* Frameworks */,
				66EA72CA17EB1586009B8350 /* Products */,
			);
			sourceTree = "<group>";
		};
		66EA72CA17EB1586009B8350 /* Products */ = {
			isa = PBXGroup;
			children = (
				66EA72C917EB1586009B8350 /* AutoDMG.app */,
			);
			name = Products;
			sourceTree = "<group>";
		};
		66EA72CB17EB1586009B8350 /* Frameworks */ = {
			isa = PBXGroup;
			children = (
				66359B511C19AABD005A94CE /* ExceptionHandling.framework */,
				66EA72CC17EB1586009B8350 /* Cocoa.framework */,
				66EA72CE17EB1586009B8350 /* Python.framework */,
				66EA72D017EB1586009B8350 /* Other Frameworks */,
			);
			name = Frameworks;
			sourceTree = "<group>";
		};
		66EA72D017EB1586009B8350 /* Other Frameworks */ = {
			isa = PBXGroup;
			children = (
				66EA72D117EB1586009B8350 /* AppKit.framework */,
				66EA72D217EB1586009B8350 /* CoreData.framework */,
				66EA72D317EB1586009B8350 /* Foundation.framework */,
			);
			name = "Other Frameworks";
			sourceTree = "<group>";
		};
		66EA72D417EB1586009B8350 /* AutoDMG */ = {
			isa = PBXGroup;
			children = (
				66EA72E017EB1587009B8350 /* main.py */,
				66EA72E217EB1587009B8350 /* IEDAppDelegate.py */,
				66EA72F017EB2ECB009B8350 /* IEDController.py */,
				66E91A9A18B4206C006ABAB7 /* IEDCLIController.py */,
				055DBD281822AAA10008DA0E /* IEDUtil.py */,
				669ADA3C18126E1D002CE331 /* IEDDMGHelper.py */,
				664F6B0018BDD1C90071E951 /* IEDTemplate.py */,
				05FD2080181A5BCE00302827 /* IEDLog.py */,
				66CBF80F182316FC0002E18F /* IEDAppVersionController.py */,
				6654DBF0181E55A0001861BA /* IEDLogLine.py */,
				66320B401819C208006D3DA7 /* IEDWorkflow.py */,
				05429D7C1816BED500CD61E6 /* IEDAddPkgController.py */,
				66529E781DF734A50039CCC1 /* IEDPanelPathManager.py */,
				665E928418159C1A00A8F683 /* IEDProfileController.py */,
				669DBBF618069EEC001F909B /* IEDSocketListener.py */,
				66EA72F217EB3B40009B8350 /* IEDSourceSelector.py */,
				667F176A181BB6570076EF63 /* IEDPackage.py */,
				6612F05F18164BC500655C8B /* IEDUpdateCache.py */,
				05429D7A1816BE9900CD61E6 /* IEDUpdateController.py */,
				66EA72E417EB1587009B8350 /* MainMenu.xib */,
				66EA72D517EB1586009B8350 /* Supporting Files */,
			);
			path = AutoDMG;
			sourceTree = "<group>";
		};
		66EA72D517EB1586009B8350 /* Supporting Files */ = {
			isa = PBXGroup;
			children = (
				665E92861815B07A00A8F683 /* UpdateProfiles.plist */,
				66D24F21181711B40042F227 /* Graphics */,
				66D24F22181711D00042F227 /* Scripts */,
				66D24F23181712320042F227 /* Resources */,
				669051C01D9D64790024A561 /* STPrivilegedTask */,
				66D24F24181712D20042F227 /* ObjC */,
			);
			name = "Supporting Files";
			sourceTree = "<group>";
		};
/* End PBXGroup section */

/* Begin PBXNativeTarget section */
		66EA72C817EB1585009B8350 /* AutoDMG */ = {
			isa = PBXNativeTarget;
			buildConfigurationList = 66EA72E917EB1587009B8350 /* Build configuration list for PBXNativeTarget "AutoDMG" */;
			buildPhases = (
				66FF143F192751BD00B524C9 /* ShellScript */,
				66EA72C517EB1585009B8350 /* Sources */,
				66EA72C617EB1585009B8350 /* Frameworks */,
				66EA72C717EB1585009B8350 /* Resources */,
				0506B97D17F085210011CCC2 /* ShellScript */,
				6691F13A18EE027500E8D663 /* ShellScript */,
			);
			buildRules = (
			);
			dependencies = (
			);
			name = AutoDMG;
			productName = AutoDMG;
			productReference = 66EA72C917EB1586009B8350 /* AutoDMG.app */;
			productType = "com.apple.product-type.application";
		};
/* End PBXNativeTarget section */

/* Begin PBXProject section */
		66EA72C117EB1585009B8350 /* Project object */ = {
			isa = PBXProject;
			attributes = {
				CLASSPREFIX = IED;
				LastUpgradeCheck = 0810;
				ORGANIZATIONNAME = "University of Gothenburg";
				TargetAttributes = {
					66EA72C817EB1585009B8350 = {
						DevelopmentTeam = 5KQ3D3FG5H;
					};
				};
			};
			buildConfigurationList = 66EA72C417EB1585009B8350 /* Build configuration list for PBXProject "AutoDMG" */;
			compatibilityVersion = "Xcode 3.2";
			developmentRegion = English;
			hasScannedForEncodings = 0;
			knownRegions = (
				en,
			);
			mainGroup = 66EA72C017EB1585009B8350;
			productRefGroup = 66EA72CA17EB1586009B8350 /* Products */;
			projectDirPath = "";
			projectRoot = "";
			targets = (
				66EA72C817EB1585009B8350 /* AutoDMG */,
			);
		};
/* End PBXProject section */

/* Begin PBXResourcesBuildPhase section */
		66EA72C717EB1585009B8350 /* Resources */ = {
			isa = PBXResourcesBuildPhase;
			buildActionMask = 2147483647;
			files = (
				05429D761816715300CD61E6 /* Package blue arrow.png in Resources */,
				05429D771816715300CD61E6 /* Package blue arrow@2x.png in Resources */,
				66158EC4182149CC00E43508 /* Checkmark@2x.png in Resources */,
				66529E791DF734A50039CCC1 /* IEDPanelPathManager.py in Resources */,
				669ADA3D18126E1D002CE331 /* IEDDMGHelper.py in Resources */,
				66158EBE1821480200E43508 /* Exclamation.png in Resources */,
				66158EBF1821480200E43508 /* Exclamation@2x.png in Resources */,
				66EA72E117EB1587009B8350 /* main.py in Resources */,
				66158EC3182149CC00E43508 /* Checkmark.png in Resources */,
				6612F06018164BC500655C8B /* IEDUpdateCache.py in Resources */,
				66EA72E617EB1587009B8350 /* MainMenu.xib in Resources */,
				66B29339182137310076C397 /* Download@2x.png in Resources */,
				664F6B0118BDD1C90071E951 /* IEDTemplate.py in Resources */,
				662FF9D01DF1F39600E8B561 /* Installer Placeholder 10.11.png in Resources */,
				66EA72D917EB1586009B8350 /* InfoPlist.strings in Resources */,
				66E91A9B18B4206C006ABAB7 /* IEDCLIController.py in Resources */,
				665E928518159C1A00A8F683 /* IEDProfileController.py in Resources */,
				66D24F2618171E680042F227 /* Defaults.plist in Resources */,
				05429D791816715300CD61E6 /* Package@2x.png in Resources */,
				66320B411819C208006D3DA7 /* IEDWorkflow.py in Resources */,
				66B29338182137310076C397 /* Download.png in Resources */,
				66EA72ED17EB1E09009B8350 /* Installer Placeholder.png in Resources */,
				66CBF810182316FC0002E18F /* IEDAppVersionController.py in Resources */,
				662FF9D11DF1F39600E8B561 /* Installer Placeholder 10.12.png in Resources */,
				05429D781816715300CD61E6 /* Package.png in Resources */,
				05429D7D1816BED500CD61E6 /* IEDAddPkgController.py in Resources */,
				667F176B181BB6570076EF63 /* IEDPackage.py in Resources */,
				662FF9CF1DF1F39600E8B561 /* Installer Placeholder 10.10.png in Resources */,
				055DBD291822AAA10008DA0E /* IEDUtil.py in Resources */,
				66EA72EF17EB25B3009B8350 /* DMG Placeholder.png in Resources */,
				6654DBF1181E55A0001861BA /* IEDLogLine.py in Resources */,
				669DBBF718069EEC001F909B /* IEDSocketListener.py in Resources */,
				66EA72F117EB2ECB009B8350 /* IEDController.py in Resources */,
				05429D7B1816BE9900CD61E6 /* IEDUpdateController.py in Resources */,
				0506B97C17F0849C0011CCC2 /* AutoDMG.iconset in Resources */,
				66EA72E317EB1587009B8350 /* IEDAppDelegate.py in Resources */,
				05FD2081181A5BCE00302827 /* IEDLog.py in Resources */,
				665E92871815B07A00A8F683 /* UpdateProfiles.plist in Resources */,
				662FF9CE1DF1F39600E8B561 /* Installer Placeholder 10.9.png in Resources */,
				66EA72F317EB3B40009B8350 /* IEDSourceSelector.py in Resources */,
				05C36AD318F406EF002AF318 /* AutoDMG Template.iconset in Resources */,
				051B177117F446560026E12B /* progresswatcher.py in Resources */,
				66EA72DF17EB1587009B8350 /* Credits.rtf in Resources */,
				66EA72F517EC764B009B8350 /* installesdtodmg.sh in Resources */,
			);
			runOnlyForDeploymentPostprocessing = 0;
		};
/* End PBXResourcesBuildPhase section */

/* Begin PBXShellScriptBuildPhase section */
		0506B97D17F085210011CCC2 /* ShellScript */ = {
			isa = PBXShellScriptBuildPhase;
			buildActionMask = 2147483647;
			files = (
			);
			inputPaths = (
			);
			outputPaths = (
			);
			runOnlyForDeploymentPostprocessing = 0;
			shellPath = /bin/sh;
			shellScript = "#!/bin/bash\n#\n# Sets the version string to a monotonically increased string, based on\n# the number of git commits.\n\nset -o errexit\nset -o nounset\n\nVERSION=$(git --git-dir=\"$PROJECT_DIR/.git\" --work-tree=\"$PROJECT_DIR\" log | grep '^commit' | wc -l)\n/usr/libexec/PlistBuddy -c \"Set :CFBundleVersion $VERSION\" \"$TARGET_BUILD_DIR/$INFOPLIST_PATH\"\n";
			showEnvVarsInLog = 0;
		};
		6691F13A18EE027500E8D663 /* ShellScript */ = {
			isa = PBXShellScriptBuildPhase;
			buildActionMask = 2147483647;
			files = (
			);
			inputPaths = (
			);
			outputPaths = (
			);
			runOnlyForDeploymentPostprocessing = 0;
			shellPath = /bin/sh;
			shellScript = "#!/bin/bash\n\nif [[ \"$CONFIGURATION\" != \"Release\" ]]; then\n    exit 0\nfi\n\necho \"Building Release configuration, making sure we're not building with TESTING=yes\"\ntesting=$(grep '^declare.*TESTING' \"$TARGET_BUILD_DIR/$UNLOCALIZED_RESOURCES_FOLDER_PATH/installesdtodmg.sh\" | cut -d\\\" -f2)\nif [[ \"$testing\" == \"yes\" ]]; then\n    echo \"Can't build Release configuration with TESTING=yes\" >&2\n    exit 1\nelse\n    echo \"Release checks OK\"\nfi\n\nexit 0\n";
			showEnvVarsInLog = 0;
		};
		66FF143F192751BD00B524C9 /* ShellScript */ = {
			isa = PBXShellScriptBuildPhase;
			buildActionMask = 2147483647;
			files = (
			);
			inputPaths = (
			);
			outputPaths = (
			);
			runOnlyForDeploymentPostprocessing = 0;
			shellPath = /bin/bash;
			shellScript = "updatedir=\"${PROJECT_DIR}UpdateProfiles\"\nif [[ -f \"$updatedir/UpdateProfiles.plist\" ]]; then\n    cp \"$updatedir/UpdateProfiles.plist\" \"$PROJECT_DIR/$PRODUCT_NAME/UpdateProfiles.plist\"\nfi\n";
			showEnvVarsInLog = 0;
		};
/* End PBXShellScriptBuildPhase section */

/* Begin PBXSourcesBuildPhase section */
		66EA72C517EB1585009B8350 /* Sources */ = {
			isa = PBXSourcesBuildPhase;
			buildActionMask = 2147483647;
			files = (
				669051BF1D9D64730024A561 /* STPrivilegedTask.m in Sources */,
				66EA72DB17EB1586009B8350 /* main.m in Sources */,
			);
			runOnlyForDeploymentPostprocessing = 0;
		};
/* End PBXSourcesBuildPhase section */

/* Begin PBXVariantGroup section */
		66EA72D717EB1586009B8350 /* InfoPlist.strings */ = {
			isa = PBXVariantGroup;
			children = (
				66EA72D817EB1586009B8350 /* en */,
			);
			name = InfoPlist.strings;
			sourceTree = "<group>";
		};
		66EA72DD17EB1587009B8350 /* Credits.rtf */ = {
			isa = PBXVariantGroup;
			children = (
				66EA72DE17EB1587009B8350 /* en */,
			);
			name = Credits.rtf;
			sourceTree = "<group>";
		};
		66EA72E417EB1587009B8350 /* MainMenu.xib */ = {
			isa = PBXVariantGroup;
			children = (
				66EA72E517EB1587009B8350 /* en */,
			);
			name = MainMenu.xib;
			sourceTree = "<group>";
		};
/* End PBXVariantGroup section */

/* Begin XCBuildConfiguration section */
		66EA72E717EB1587009B8350 /* Debug */ = {
			isa = XCBuildConfiguration;
			buildSettings = {
				ALWAYS_SEARCH_USER_PATHS = NO;
				CLANG_CXX_LANGUAGE_STANDARD = "gnu++0x";
				CLANG_CXX_LIBRARY = "libc++";
				CLANG_ENABLE_MODULES = YES;
				CLANG_ENABLE_OBJC_ARC = YES;
				CLANG_WARN_BOOL_CONVERSION = YES;
				CLANG_WARN_CONSTANT_CONVERSION = YES;
				CLANG_WARN_DIRECT_OBJC_ISA_USAGE = YES_ERROR;
				CLANG_WARN_DOCUMENTATION_COMMENTS = YES;
				CLANG_WARN_EMPTY_BODY = YES;
				CLANG_WARN_ENUM_CONVERSION = YES;
				CLANG_WARN_INFINITE_RECURSION = YES;
				CLANG_WARN_INT_CONVERSION = YES;
				CLANG_WARN_OBJC_ROOT_CLASS = YES_ERROR;
				CLANG_WARN_SUSPICIOUS_MOVE = YES;
				CLANG_WARN_UNREACHABLE_CODE = YES;
				CLANG_WARN__DUPLICATE_METHOD_MATCH = YES;
				COMBINE_HIDPI_IMAGES = YES;
				COPY_PHASE_STRIP = NO;
				ENABLE_STRICT_OBJC_MSGSEND = YES;
				ENABLE_TESTABILITY = YES;
				GCC_C_LANGUAGE_STANDARD = gnu99;
				GCC_DYNAMIC_NO_PIC = NO;
				GCC_NO_COMMON_BLOCKS = YES;
				GCC_OPTIMIZATION_LEVEL = 0;
				GCC_PREPROCESSOR_DEFINITIONS = (
					"DEBUG=1",
					"$(inherited)",
				);
				GCC_WARN_64_TO_32_BIT_CONVERSION = YES;
				GCC_WARN_ABOUT_RETURN_TYPE = YES_ERROR;
				GCC_WARN_UNDECLARED_SELECTOR = YES;
				GCC_WARN_UNINITIALIZED_AUTOS = YES_AGGRESSIVE;
				GCC_WARN_UNUSED_FUNCTION = YES;
				GCC_WARN_UNUSED_VARIABLE = YES;
				MACOSX_DEPLOYMENT_TARGET = 10.9;
				ONLY_ACTIVE_ARCH = YES;
			};
			name = Debug;
		};
		66EA72E817EB1587009B8350 /* Release */ = {
			isa = XCBuildConfiguration;
			buildSettings = {
				ALWAYS_SEARCH_USER_PATHS = NO;
				CLANG_CXX_LANGUAGE_STANDARD = "gnu++0x";
				CLANG_CXX_LIBRARY = "libc++";
				CLANG_ENABLE_MODULES = YES;
				CLANG_ENABLE_OBJC_ARC = YES;
				CLANG_WARN_BOOL_CONVERSION = YES;
				CLANG_WARN_CONSTANT_CONVERSION = YES;
				CLANG_WARN_DIRECT_OBJC_ISA_USAGE = YES_ERROR;
				CLANG_WARN_DOCUMENTATION_COMMENTS = YES;
				CLANG_WARN_EMPTY_BODY = YES;
				CLANG_WARN_ENUM_CONVERSION = YES;
				CLANG_WARN_INFINITE_RECURSION = YES;
				CLANG_WARN_INT_CONVERSION = YES;
				CLANG_WARN_OBJC_ROOT_CLASS = YES_ERROR;
				CLANG_WARN_SUSPICIOUS_MOVE = YES;
				CLANG_WARN_UNREACHABLE_CODE = YES;
				CLANG_WARN__DUPLICATE_METHOD_MATCH = YES;
				COMBINE_HIDPI_IMAGES = YES;
				COPY_PHASE_STRIP = YES;
				DEBUG_INFORMATION_FORMAT = "dwarf-with-dsym";
				ENABLE_NS_ASSERTIONS = NO;
				ENABLE_STRICT_OBJC_MSGSEND = YES;
				GCC_C_LANGUAGE_STANDARD = gnu99;
				GCC_NO_COMMON_BLOCKS = YES;
				GCC_WARN_64_TO_32_BIT_CONVERSION = YES;
				GCC_WARN_ABOUT_RETURN_TYPE = YES_ERROR;
				GCC_WARN_UNDECLARED_SELECTOR = YES;
				GCC_WARN_UNINITIALIZED_AUTOS = YES_AGGRESSIVE;
				GCC_WARN_UNUSED_FUNCTION = YES;
				GCC_WARN_UNUSED_VARIABLE = YES;
				MACOSX_DEPLOYMENT_TARGET = 10.9;
			};
			name = Release;
		};
		66EA72EA17EB1587009B8350 /* Debug */ = {
			isa = XCBuildConfiguration;
			buildSettings = {
				CODE_SIGN_IDENTITY = "Mac Developer";
				"CODE_SIGN_IDENTITY[sdk=macosx*]" = "Mac Developer";
				DEVELOPMENT_TEAM = 5KQ3D3FG5H;
				GCC_PRECOMPILE_PREFIX_HEADER = YES;
				GCC_PREFIX_HEADER = "AutoDMG/AutoDMG-Prefix.pch";
				INFOPLIST_FILE = "AutoDMG/AutoDMG-Info.plist";
				MACOSX_DEPLOYMENT_TARGET = 10.9;
				PRODUCT_BUNDLE_IDENTIFIER = "se.gu.it.${PRODUCT_NAME:rfc1034identifier}";
				PRODUCT_NAME = AutoDMG;
				WRAPPER_EXTENSION = app;
			};
			name = Debug;
		};
		66EA72EB17EB1587009B8350 /* Release */ = {
			isa = XCBuildConfiguration;
			buildSettings = {
				CODE_SIGN_IDENTITY = "Mac Developer";
				"CODE_SIGN_IDENTITY[sdk=macosx*]" = "Mac Developer";
				DEVELOPMENT_TEAM = 5KQ3D3FG5H;
				GCC_PRECOMPILE_PREFIX_HEADER = YES;
				GCC_PREFIX_HEADER = "AutoDMG/AutoDMG-Prefix.pch";
				INFOPLIST_FILE = "AutoDMG/AutoDMG-Info.plist";
				MACOSX_DEPLOYMENT_TARGET = 10.9;
				PRODUCT_BUNDLE_IDENTIFIER = "se.gu.it.${PRODUCT_NAME:rfc1034identifier}";
				PRODUCT_NAME = AutoDMG;
				WRAPPER_EXTENSION = app;
			};
			name = Release;
		};
/* End XCBuildConfiguration section */

/* Begin XCConfigurationList section */
		66EA72C417EB1585009B8350 /* Build configuration list for PBXProject "AutoDMG" */ = {
			isa = XCConfigurationList;
			buildConfigurations = (
				66EA72E717EB1587009B8350 /* Debug */,
				66EA72E817EB1587009B8350 /* Release */,
			);
			defaultConfigurationIsVisible = 0;
			defaultConfigurationName = Release;
		};
		66EA72E917EB1587009B8350 /* Build configuration list for PBXNativeTarget "AutoDMG" */ = {
			isa = XCConfigurationList;
			buildConfigurations = (
				66EA72EA17EB1587009B8350 /* Debug */,
				66EA72EB17EB1587009B8350 /* Release */,
			);
			defaultConfigurationIsVisible = 0;
			defaultConfigurationName = Release;
		};
/* End XCConfigurationList section */
	};
	rootObject = 66EA72C117EB1585009B8350 /* Project object */;
}
